
Microsoft Visual Studio Solution File, Format Version 12.00
# Visual Studio Version 16
VisualStudioVersion = 16.0.30804.86
MinimumVisualStudioVersion = 10.0.40219.1
Project("{FAE04EC0-301F-11D3-BF4B-00C04F79EFBC}") = "POO2_CASO1_LEANDRO_IGOR_ESTRADA_SANTOS", "POO2_CASO1_LEANDRO_IGOR_ESTRADA_SANTOS\POO2_CASO1_LEANDRO_IGOR_ESTRADA_SANTOS.csproj", "{0F173487-28B0-4A06-9AF8-5A3E4DC4A327}"
EndProject
Global
	GlobalSection(SolutionConfigurationPlatforms) = preSolution
		Debug|Any CPU = Debug|Any CPU
		Release|Any CPU = Release|Any CPU
	EndGlobalSection
	GlobalSection(ProjectConfigurationPlatforms) = postSolution
		{0F173487-28B0-4A06-9AF8-5A3E4DC4A327}.Debug|Any CPU.ActiveCfg = Debug|Any CPU
		{0F173487-28B0-4A06-9AF8-5A3E4DC4A327}.Debug|Any CPU.Build.0 = Debug|Any CPU
		{0F173487-28B0-4A06-9AF8-5A3E4DC4A327}.Release|Any CPU.ActiveCfg = Release|Any CPU
		{0F173487-28B0-4A06-9AF8-5A3E4DC4A327}.Release|Any CPU.Build.0 = Release|Any CPU
	EndGlobalSection
	GlobalSection(SolutionProperties) = preSolution
		HideSolutionNode = FALSE
	EndGlobalSection
	GlobalSection(ExtensibilityGlobals) = postSolution
		SolutionGuid = {88661D45-A055-457E-81BC-3F8C8A0A2BD5}
	EndGlobalSection
EndGlobal
